
Microsoft Visual Studio Solution File, Format Version 12.00
# Visual Studio Version 16
VisualStudioVersion = 16.0.32802.440
MinimumVisualStudioVersion = 10.0.40219.1
Project("{FAE04EC0-301F-11D3-BF4B-00C04F79EFBC}") = "SQL", "SQL\SQL.csproj", "{C3DEBA2C-CDDD-460A-857B-592E002CC214}"
EndProject
Project("{FAE04EC0-301F-11D3-BF4B-00C04F79EFBC}") = "SQLIHM", "SQLIHM\SQLIHM.csproj", "{3B29AB53-1E43-419A-B397-67B360688761}"
EndProject
Global
	GlobalSection(SolutionConfigurationPlatforms) = preSolution
		Debug|Any CPU = Debug|Any CPU
		Release|Any CPU = Release|Any CPU
	EndGlobalSection
	GlobalSection(ProjectConfigurationPlatforms) = postSolution
		{C3DEBA2C-CDDD-460A-857B-592E002CC214}.Debug|Any CPU.ActiveCfg = Debug|Any CPU
		{C3DEBA2C-CDDD-460A-857B-592E002CC214}.Debug|Any CPU.Build.0 = Debug|Any CPU
		{C3DEBA2C-CDDD-460A-857B-592E002CC214}.Release|Any CPU.ActiveCfg = Release|Any CPU
		{C3DEBA2C-CDDD-460A-857B-592E002CC214}.Release|Any CPU.Build.0 = Release|Any CPU
		{3B29AB53-1E43-419A-B397-67B360688761}.Debug|Any CPU.ActiveCfg = Debug|Any CPU
		{3B29AB53-1E43-419A-B397-67B360688761}.Debug|Any CPU.Build.0 = Debug|Any CPU
		{3B29AB53-1E43-419A-B397-67B360688761}.Release|Any CPU.ActiveCfg = Release|Any CPU
		{3B29AB53-1E43-419A-B397-67B360688761}.Release|Any CPU.Build.0 = Release|Any CPU
	EndGlobalSection
	GlobalSection(SolutionProperties) = preSolution
		HideSolutionNode = FALSE
	EndGlobalSection
	GlobalSection(ExtensibilityGlobals) = postSolution
		SolutionGuid = {F6B9C980-6A45-4CDA-B0C3-FE6C44C86315}
	EndGlobalSection
EndGlobal
